// !$*UTF8*$!
{
	archiveVersion = 1;
	classes = {
	};
	objectVersion = 50;
	objects = {

/* Begin PBXBuildFile section */
		CC171272210F8D00003DA722 /* AboutViewController.swift in Sources */ = {isa = PBXBuildFile; fileRef = CC171271210F8D00003DA722 /* AboutViewController.swift */; };
		CCF09DC92111F37D00B54442 /* TableViewController.swift in Sources */ = {isa = PBXBuildFile; fileRef = CCF09DC82111F37D00B54442 /* TableViewController.swift */; };
		CCF09DCB2111F48300B54442 /* InputViewController.swift in Sources */ = {isa = PBXBuildFile; fileRef = CCF09DCA2111F48300B54442 /* InputViewController.swift */; };
		CCF611E52112267500CDEC5E /* ViewController.swift in Sources */ = {isa = PBXBuildFile; fileRef = CCF611E42112267500CDEC5E /* ViewController.swift */; };
		CCFC27CA210F5F8500C01C95 /* AppDelegate.swift in Sources */ = {isa = PBXBuildFile; fileRef = CCFC27C9210F5F8500C01C95 /* AppDelegate.swift */; };
		CCFC27CF210F5F8500C01C95 /* Main.storyboard in Resources */ = {isa = PBXBuildFile; fileRef = CCFC27CD210F5F8500C01C95 /* Main.storyboard */; };
		CCFC27D2210F5F8500C01C95 /* Social_Justice.xcdatamodeld in Sources */ = {isa = PBXBuildFile; fileRef = CCFC27D0210F5F8500C01C95 /* Social_Justice.xcdatamodeld */; };
		CCFC27D4210F5F8800C01C95 /* Assets.xcassets in Resources */ = {isa = PBXBuildFile; fileRef = CCFC27D3210F5F8800C01C95 /* Assets.xcassets */; };
		CCFC27D7210F5F8800C01C95 /* LaunchScreen.storyboard in Resources */ = {isa = PBXBuildFile; fileRef = CCFC27D5210F5F8800C01C95 /* LaunchScreen.storyboard */; };
		CCFC27DF210F6A5600C01C95 /* ContentViewController.swift in Sources */ = {isa = PBXBuildFile; fileRef = CCFC27DE210F6A5600C01C95 /* ContentViewController.swift */; };
/* End PBXBuildFile section */

/* Begin PBXFileReference section */
		CC171271210F8D00003DA722 /* AboutViewController.swift */ = {isa = PBXFileReference; lastKnownFileType = sourcecode.swift; path = AboutViewController.swift; sourceTree = "<group>"; };
		CCF09DC82111F37D00B54442 /* TableViewController.swift */ = {isa = PBXFileReference; lastKnownFileType = sourcecode.swift; path = TableViewController.swift; sourceTree = "<group>"; };
		CCF09DCA2111F48300B54442 /* InputViewController.swift */ = {isa = PBXFileReference; lastKnownFileType = sourcecode.swift; path = InputViewController.swift; sourceTree = "<group>"; };
		CCF611E42112267500CDEC5E /* ViewController.swift */ = {isa = PBXFileReference; lastKnownFileType = sourcecode.swift; path = ViewController.swift; sourceTree = "<group>"; };
		CCFC27C6210F5F8500C01C95 /* Social Justice.app */ = {isa = PBXFileReference; explicitFileType = wrapper.application; includeInIndex = 0; path = "Social Justice.app"; sourceTree = BUILT_PRODUCTS_DIR; };
		CCFC27C9210F5F8500C01C95 /* AppDelegate.swift */ = {isa = PBXFileReference; lastKnownFileType = sourcecode.swift; path = AppDelegate.swift; sourceTree = "<group>"; };
		CCFC27CE210F5F8500C01C95 /* Base */ = {isa = PBXFileReference; lastKnownFileType = file.storyboard; name = Base; path = Base.lproj/Main.storyboard; sourceTree = "<group>"; };
		CCFC27D1210F5F8500C01C95 /* Social_Justice.xcdatamodel */ = {isa = PBXFileReference; lastKnownFileType = wrapper.xcdatamodel; path = Social_Justice.xcdatamodel; sourceTree = "<group>"; };
		CCFC27D3210F5F8800C01C95 /* Assets.xcassets */ = {isa = PBXFileReference; lastKnownFileType = folder.assetcatalog; path = Assets.xcassets; sourceTree = "<group>"; };
		CCFC27D6210F5F8800C01C95 /* Base */ = {isa = PBXFileReference; lastKnownFileType = file.storyboard; name = Base; path = Base.lproj/LaunchScreen.storyboard; sourceTree = "<group>"; };
		CCFC27D8210F5F8800C01C95 /* Info.plist */ = {isa = PBXFileReference; lastKnownFileType = text.plist.xml; path = Info.plist; sourceTree = "<group>"; };
		CCFC27DE210F6A5600C01C95 /* ContentViewController.swift */ = {isa = PBXFileReference; lastKnownFileType = sourcecode.swift; path = ContentViewController.swift; sourceTree = "<group>"; };
/* End PBXFileReference section */

/* Begin PBXFrameworksBuildPhase section */
		CCFC27C3210F5F8500C01C95 /* Frameworks */ = {
			isa = PBXFrameworksBuildPhase;
			buildActionMask = 2147483647;
			files = (
			);
			runOnlyForDeploymentPostprocessing = 0;
		};
/* End PBXFrameworksBuildPhase section */

/* Begin PBXGroup section */
		CCFC27BD210F5F8500C01C95 = {
			isa = PBXGroup;
			children = (
				CCFC27C8210F5F8500C01C95 /* Social Justice */,
				CCFC27C7210F5F8500C01C95 /* Products */,
			);
			sourceTree = "<group>";
		};
		CCFC27C7210F5F8500C01C95 /* Products */ = {
			isa = PBXGroup;
			children = (
				CCFC27C6210F5F8500C01C95 /* Social Justice.app */,
			);
			name = Products;
			sourceTree = "<group>";
		};
		CCFC27C8210F5F8500C01C95 /* Social Justice */ = {
			isa = PBXGroup;
			children = (
				CCFC27C9210F5F8500C01C95 /* AppDelegate.swift */,
				CC171271210F8D00003DA722 /* AboutViewController.swift */,
				CCFC27CD210F5F8500C01C95 /* Main.storyboard */,
				CCF611E42112267500CDEC5E /* ViewController.swift */,
				CCF09DCA2111F48300B54442 /* InputViewController.swift */,
				CCFC27DE210F6A5600C01C95 /* ContentViewController.swift */,
				CCFC27D3210F5F8800C01C95 /* Assets.xcassets */,
				CCF09DC82111F37D00B54442 /* TableViewController.swift */,
				CCFC27D5210F5F8800C01C95 /* LaunchScreen.storyboard */,
				CCFC27D8210F5F8800C01C95 /* Info.plist */,
				CCFC27D0210F5F8500C01C95 /* Social_Justice.xcdatamodeld */,
			);
			path = "Social Justice";
			sourceTree = "<group>";
		};
/* End PBXGroup section */

/* Begin PBXNativeTarget section */
		CCFC27C5210F5F8500C01C95 /* Social Justice */ = {
			isa = PBXNativeTarget;
			buildConfigurationList = CCFC27DB210F5F8800C01C95 /* Build configuration list for PBXNativeTarget "Social Justice" */;
			buildPhases = (
				CCFC27C2210F5F8500C01C95 /* Sources */,
				CCFC27C3210F5F8500C01C95 /* Frameworks */,
				CCFC27C4210F5F8500C01C95 /* Resources */,
			);
			buildRules = (
			);
			dependencies = (
			);
			name = "Social Justice";
			productName = "Social Justice";
			productReference = CCFC27C6210F5F8500C01C95 /* Social Justice.app */;
			productType = "com.apple.product-type.application";
		};
/* End PBXNativeTarget section */

/* Begin PBXProject section */
		CCFC27BE210F5F8500C01C95 /* Project object */ = {
			isa = PBXProject;
			attributes = {
				LastSwiftUpdateCheck = 0940;
				LastUpgradeCheck = 0940;
				ORGANIZATIONNAME = "Girls Who Code";
				TargetAttributes = {
					CCFC27C5210F5F8500C01C95 = {
						CreatedOnToolsVersion = 9.4.1;
					};
				};
			};
			buildConfigurationList = CCFC27C1210F5F8500C01C95 /* Build configuration list for PBXProject "Social Justice" */;
			compatibilityVersion = "Xcode 9.3";
			developmentRegion = en;
			hasScannedForEncodings = 0;
			knownRegions = (
				en,
				Base,
			);
			mainGroup = CCFC27BD210F5F8500C01C95;
			productRefGroup = CCFC27C7210F5F8500C01C95 /* Products */;
			projectDirPath = "";
			projectRoot = "";
			targets = (
				CCFC27C5210F5F8500C01C95 /* Social Justice */,
			);
		};
/* End PBXProject section */

/* Begin PBXResourcesBuildPhase section */
		CCFC27C4210F5F8500C01C95 /* Resources */ = {
			isa = PBXResourcesBuildPhase;
			buildActionMask = 2147483647;
			files = (
				CCFC27D7210F5F8800C01C95 /* LaunchScreen.storyboard in Resources */,
				CCFC27D4210F5F8800C01C95 /* Assets.xcassets in Resources */,
				CCFC27CF210F5F8500C01C95 /* Main.storyboard in Resources */,
			);
			runOnlyForDeploymentPostprocessing = 0;
		};
/* End PBXResourcesBuildPhase section */

/* Begin PBXSourcesBuildPhase section */
		CCFC27C2210F5F8500C01C95 /* Sources */ = {
			isa = PBXSourcesBuildPhase;
			buildActionMask = 2147483647;
			files = (
				CCFC27DF210F6A5600C01C95 /* ContentViewController.swift in Sources */,
				CCF09DC92111F37D00B54442 /* TableViewController.swift in Sources */,
				CCF09DCB2111F48300B54442 /* InputViewController.swift in Sources */,
				CCFC27D2210F5F8500C01C95 /* Social_Justice.xcdatamodeld in Sources */,
				CCF611E52112267500CDEC5E /* ViewController.swift in Sources */,
				CC171272210F8D00003DA722 /* AboutViewController.swift in Sources */,
				CCFC27CA210F5F8500C01C95 /* AppDelegate.swift in Sources */,
			);
			runOnlyForDeploymentPostprocessing = 0;
		};
/* End PBXSourcesBuildPhase section */

/* Begin PBXVariantGroup section */
		CCFC27CD210F5F8500C01C95 /* Main.storyboard */ = {
			isa = PBXVariantGroup;
			children = (
				CCFC27CE210F5F8500C01C95 /* Base */,
			);
			name = Main.storyboard;
			sourceTree = "<group>";
		};
		CCFC27D5210F5F8800C01C95 /* LaunchScreen.storyboard */ = {
			isa = PBXVariantGroup;
			children = (
				CCFC27D6210F5F8800C01C95 /* Base */,
			);
			name = LaunchScreen.storyboard;
			sourceTree = "<group>";
		};
/* End PBXVariantGroup section */

/* Begin XCBuildConfiguration section */
		CCFC27D9210F5F8800C01C95 /* Debug */ = {
			isa = XCBuildConfiguration;
			buildSettings = {
				ALWAYS_SEARCH_USER_PATHS = NO;
				CLANG_ANALYZER_NONNULL = YES;
				CLANG_ANALYZER_NUMBER_OBJECT_CONVERSION = YES_AGGRESSIVE;
				CLANG_CXX_LANGUAGE_STANDARD = "gnu++14";
				CLANG_CXX_LIBRARY = "libc++";
				CLANG_ENABLE_MODULES = YES;
				CLANG_ENABLE_OBJC_ARC = YES;
				CLANG_ENABLE_OBJC_WEAK = YES;
				CLANG_WARN_BLOCK_CAPTURE_AUTORELEASING = YES;
				CLANG_WARN_BOOL_CONVERSION = YES;
				CLANG_WARN_COMMA = YES;
				CLANG_WARN_CONSTANT_CONVERSION = YES;
				CLANG_WARN_DEPRECATED_OBJC_IMPLEMENTATIONS = YES;
				CLANG_WARN_DIRECT_OBJC_ISA_USAGE = YES_ERROR;
				CLANG_WARN_DOCUMENTATION_COMMENTS = YES;
				CLANG_WARN_EMPTY_BODY = YES;
				CLANG_WARN_ENUM_CONVERSION = YES;
				CLANG_WARN_INFINITE_RECURSION = YES;
				CLANG_WARN_INT_CONVERSION = YES;
				CLANG_WARN_NON_LITERAL_NULL_CONVERSION = YES;
				CLANG_WARN_OBJC_IMPLICIT_RETAIN_SELF = YES;
				CLANG_WARN_OBJC_LITERAL_CONVERSION = YES;
				CLANG_WARN_OBJC_ROOT_CLASS = YES_ERROR;
				CLANG_WARN_RANGE_LOOP_ANALYSIS = YES;
				CLANG_WARN_STRICT_PROTOTYPES = YES;
				CLANG_WARN_SUSPICIOUS_MOVE = YES;
				CLANG_WARN_UNGUARDED_AVAILABILITY = YES_AGGRESSIVE;
				CLANG_WARN_UNREACHABLE_CODE = YES;
				CLANG_WARN__DUPLICATE_METHOD_MATCH = YES;
				CODE_SIGN_IDENTITY = "iPhone Developer";
				COPY_PHASE_STRIP = NO;
				DEBUG_INFORMATION_FORMAT = dwarf;
				ENABLE_STRICT_OBJC_MSGSEND = YES;
				ENABLE_TESTABILITY = YES;
				GCC_C_LANGUAGE_STANDARD = gnu11;
				GCC_DYNAMIC_NO_PIC = NO;
				GCC_NO_COMMON_BLOCKS = YES;
				GCC_OPTIMIZATION_LEVEL = 0;
				GCC_PREPROCESSOR_DEFINITIONS = (
					"DEBUG=1",
					"$(inherited)",
				);
				GCC_WARN_64_TO_32_BIT_CONVERSION = YES;
				GCC_WARN_ABOUT_RETURN_TYPE = YES_ERROR;
				GCC_WARN_UNDECLARED_SELECTOR = YES;
				GCC_WARN_UNINITIALIZED_AUTOS = YES_AGGRESSIVE;
				GCC_WARN_UNUSED_FUNCTION = YES;
				GCC_WARN_UNUSED_VARIABLE = YES;
				IPHONEOS_DEPLOYMENT_TARGET = 11.4;
				MTL_ENABLE_DEBUG_INFO = YES;
				ONLY_ACTIVE_ARCH = YES;
				SDKROOT = iphoneos;
				SWIFT_ACTIVE_COMPILATION_CONDITIONS = DEBUG;
				SWIFT_OPTIMIZATION_LEVEL = "-Onone";
			};
			name = Debug;
		};
		CCFC27DA210F5F8800C01C95 /* Release */ = {
			isa = XCBuildConfiguration;
			buildSettings = {
				ALWAYS_SEARCH_USER_PATHS = NO;
				CLANG_ANALYZER_NONNULL = YES;
				CLANG_ANALYZER_NUMBER_OBJECT_CONVERSION = YES_AGGRESSIVE;
				CLANG_CXX_LANGUAGE_STANDARD = "gnu++14";
				CLANG_CXX_LIBRARY = "libc++";
				CLANG_ENABLE_MODULES = YES;
				CLANG_ENABLE_OBJC_ARC = YES;
				CLANG_ENABLE_OBJC_WEAK = YES;
				CLANG_WARN_BLOCK_CAPTURE_AUTORELEASING = YES;
				CLANG_WARN_BOOL_CONVERSION = YES;
				CLANG_WARN_COMMA = YES;
				CLANG_WARN_CONSTANT_CONVERSION = YES;
				CLANG_WARN_DEPRECATED_OBJC_IMPLEMENTATIONS = YES;
				CLANG_WARN_DIRECT_OBJC_ISA_USAGE = YES_ERROR;
				CLANG_WARN_DOCUMENTATION_COMMENTS = YES;
				CLANG_WARN_EMPTY_BODY = YES;
				CLANG_WARN_ENUM_CONVERSION = YES;
				CLANG_WARN_INFINITE_RECURSION = YES;
				CLANG_WARN_INT_CONVERSION = YES;
				CLANG_WARN_NON_LITERAL_NULL_CONVERSION = YES;
				CLANG_WARN_OBJC_IMPLICIT_RETAIN_SELF = YES;
				CLANG_WARN_OBJC_LITERAL_CONVERSION = YES;
				CLANG_WARN_OBJC_ROOT_CLASS = YES_ERROR;
				CLANG_WARN_RANGE_LOOP_ANALYSIS = YES;
				CLANG_WARN_STRICT_PROTOTYPES = YES;
				CLANG_WARN_SUSPICIOUS_MOVE = YES;
				CLANG_WARN_UNGUARDED_AVAILABILITY = YES_AGGRESSIVE;
				CLANG_WARN_UNREACHABLE_CODE = YES;
				CLANG_WARN__DUPLICATE_METHOD_MATCH = YES;
				CODE_SIGN_IDENTITY = "iPhone Developer";
				COPY_PHASE_STRIP = NO;
				DEBUG_INFORMATION_FORMAT = "dwarf-with-dsym";
				ENABLE_NS_ASSERTIONS = NO;
				ENABLE_STRICT_OBJC_MSGSEND = YES;
				GCC_C_LANGUAGE_STANDARD = gnu11;
				GCC_NO_COMMON_BLOCKS = YES;
				GCC_WARN_64_TO_32_BIT_CONVERSION = YES;
				GCC_WARN_ABOUT_RETURN_TYPE = YES_ERROR;
				GCC_WARN_UNDECLARED_SELECTOR = YES;
				GCC_WARN_UNINITIALIZED_AUTOS = YES_AGGRESSIVE;
				GCC_WARN_UNUSED_FUNCTION = YES;
				GCC_WARN_UNUSED_VARIABLE = YES;
				IPHONEOS_DEPLOYMENT_TARGET = 11.4;
				MTL_ENABLE_DEBUG_INFO = NO;
				SDKROOT = iphoneos;
				SWIFT_COMPILATION_MODE = wholemodule;
				SWIFT_OPTIMIZATION_LEVEL = "-O";
				VALIDATE_PRODUCT = YES;
			};
			name = Release;
		};
		CCFC27DC210F5F8800C01C95 /* Debug */ = {
			isa = XCBuildConfiguration;
			buildSettings = {
				ASSETCATALOG_COMPILER_APPICON_NAME = AppIcon;
				CODE_SIGN_STYLE = Automatic;
				DEVELOPMENT_TEAM = 3ZJ78F7PZ3;
				INFOPLIST_FILE = "Social Justice/Info.plist";
				LD_RUNPATH_SEARCH_PATHS = (
					"$(inherited)",
					"@executable_path/Frameworks",
				);
				PRODUCT_BUNDLE_IDENTIFIER = "xina-guti.Social-Justice";
				PRODUCT_NAME = "$(TARGET_NAME)";
				SWIFT_VERSION = 4.0;
				TARGETED_DEVICE_FAMILY = "1,2";
			};
			name = Debug;
		};
		CCFC27DD210F5F8800C01C95 /* Release */ = {
			isa = XCBuildConfiguration;
			buildSettings = {
				ASSETCATALOG_COMPILER_APPICON_NAME = AppIcon;
				CODE_SIGN_STYLE = Automatic;
				DEVELOPMENT_TEAM = 3ZJ78F7PZ3;
				INFOPLIST_FILE = "Social Justice/Info.plist";
				LD_RUNPATH_SEARCH_PATHS = (
					"$(inherited)",
					"@executable_path/Frameworks",
				);
				PRODUCT_BUNDLE_IDENTIFIER = "xina-guti.Social-Justice";
				PRODUCT_NAME = "$(TARGET_NAME)";
				SWIFT_VERSION = 4.0;
				TARGETED_DEVICE_FAMILY = "1,2";
			};
			name = Release;
		};
/* End XCBuildConfiguration section */

/* Begin XCConfigurationList section */
		CCFC27C1210F5F8500C01C95 /* Build configuration list for PBXProject "Social Justice" */ = {
			isa = XCConfigurationList;
			buildConfigurations = (
				CCFC27D9210F5F8800C01C95 /* Debug */,
				CCFC27DA210F5F8800C01C95 /* Release */,
			);
			defaultConfigurationIsVisible = 0;
			defaultConfigurationName = Release;
		};
		CCFC27DB210F5F8800C01C95 /* Build configuration list for PBXNativeTarget "Social Justice" */ = {
			isa = XCConfigurationList;
			buildConfigurations = (
				CCFC27DC210F5F8800C01C95 /* Debug */,
				CCFC27DD210F5F8800C01C95 /* Release */,
			);
			defaultConfigurationIsVisible = 0;
			defaultConfigurationName = Release;
		};
/* End XCConfigurationList section */

/* Begin XCVersionGroup section */
		CCFC27D0210F5F8500C01C95 /* Social_Justice.xcdatamodeld */ = {
			isa = XCVersionGroup;
			children = (
				CCFC27D1210F5F8500C01C95 /* Social_Justice.xcdatamodel */,
			);
			currentVersion = CCFC27D1210F5F8500C01C95 /* Social_Justice.xcdatamodel */;
			path = Social_Justice.xcdatamodeld;
			sourceTree = "<group>";
			versionGroupType = wrapper.xcdatamodel;
		};
/* End XCVersionGroup section */
	};
	rootObject = CCFC27BE210F5F8500C01C95 /* Project object */;
}
